<?xml version="1.0" encoding="utf-8"?>
<Project ToolsVersion="4.0" xmlns="http://schemas.microsoft.com/developer/msbuild/2003">
  <ItemGroup>
    <Filter Include="Source Files">
      <UniqueIdentifier>{4FC737F1-C7A5-4376-A066-2A32D752A2FF}</UniqueIdentifier>
      <Extensions>cpp;c;cc;cxx;def;odl;idl;hpj;bat;asm;asmx</Extensions>
    </Filter>
    <Filter Include="Header Files">
      <UniqueIdentifier>{93995380-89BD-4b04-88EB-625FBE52EBFB}</UniqueIdentifier>
      <Extensions>h;hh;hpp;hxx;hm;inl;inc;ipp;xsd</Extensions>
    </Filter>
    <Filter Include="Resource Files">
      <UniqueIdentifier>{67DA6AB6-F800-4c08-8B7A-83BB121AAD01}</UniqueIdentifier>
      <Extensions>rc;ico;cur;bmp;dlg;rc2;rct;bin;rgs;gif;jpg;jpeg;jpe;resx;tiff;tif;png;wav;mfcribbon-ms</Extensions>
    </Filter>
    <Filter Include="cuda">
      <UniqueIdentifier>{a5207064-7fda-40e2-9a91-e10f88491dd3}</UniqueIdentifier>
    </Filter>
  </ItemGroup>
  <ItemGroup>
    <ClCompile Include="Network.cpp">
      <Filter>Source Files</Filter>
    </ClCompile>
  </ItemGroup>
  <ItemGroup>
    <ClInclude Include="Network.h">
      <Filter>Header Files</Filter>
    </ClInclude>
    <ClInclude Include="helper.h">
      <Filter>Header Files</Filter>
    </ClInclude>
    <ClInclude Include="cuda files\memoryUtils.cuh">
      <Filter>cuda</Filter>
    </ClInclude>
    <ClInclude Include="cuda files\feedforward.cuh">
      <Filter>cuda</Filter>
    </ClInclude>
    <ClInclude Include="cuda files\backprop.cuh">
      <Filter>cuda</Filter>
    </ClInclude>
    <ClInclude Include="deviceActivation.cuh">
      <Filter>Source Files</Filter>
    </ClInclude>
  </ItemGroup>
  <ItemGroup>
    <CudaCompile Include="cuda files\feedforward.cu">
      <Filter>cuda</Filter>
    </CudaCompile>
    <CudaCompile Include="cuda files\backprop.cu">
      <Filter>cuda</Filter>
    </CudaCompile>
    <CudaCompile Include="cuda files\memoryutils.cu">
      <Filter>cuda</Filter>
    </CudaCompile>
  </ItemGroup>
</Project>